
Microsoft Visual Studio Solution File, Format Version 12.00
# Visual Studio Version 17
VisualStudioVersion = 17.1.32328.378
MinimumVisualStudioVersion = 10.0.40219.1
Project("{2150E333-8FDC-42A3-9474-1A3956D46DE8}") = "SlidingWindow", "SlidingWindow", "{5ABD34AF-DDCF-4FB7-AB73-980C90637C99}"
EndProject
Project("{FAE04EC0-301F-11D3-BF4B-00C04F79EFBC}") = "src", "SlidingWindow\src\src.csproj", "{49428721-5B2B-4A7B-83B8-13CCB024F3CE}"
EndProject
Project("{FAE04EC0-301F-11D3-BF4B-00C04F79EFBC}") = "SlidingWindowTest", "SlidingWindow\SlidingWindowTest\SlidingWindowTest.csproj", "{43CDA55E-8335-4DCC-BF08-C930E6BCF1FE}"
EndProject
Project("{FAE04EC0-301F-11D3-BF4B-00C04F79EFBC}") = "src", "PrefixSum\src\src.csproj", "{C504076B-5B34-45FB-8080-DDB83B85A3E6}"
EndProject
Project("{2150E333-8FDC-42A3-9474-1A3956D46DE8}") = "PrefixSum", "PrefixSum", "{17443B09-9D7C-4612-9902-DAF51FCA2F1E}"
EndProject
Project("{FAE04EC0-301F-11D3-BF4B-00C04F79EFBC}") = "PrefixSumTest", "PrefixSum\PrefixSumTest\PrefixSumTest.csproj", "{A9EC9EE6-BDC5-4D18-9A98-5D73ADF59E42}"
EndProject
Project("{2150E333-8FDC-42A3-9474-1A3956D46DE8}") = "TopKNumbers", "TopKNumbers", "{28F1C688-141C-4A81-8804-2011A2347393}"
EndProject
Project("{FAE04EC0-301F-11D3-BF4B-00C04F79EFBC}") = "src", "TopKNumbers\src\src.csproj", "{C7AC211D-811D-466D-A5C1-5A4231B6E73A}"
EndProject
Project("{FAE04EC0-301F-11D3-BF4B-00C04F79EFBC}") = "TopKNumbersTest", "TopKNumbers\TopKNumbersTest\TopKNumbersTest.csproj", "{17CC8292-5E8C-4B41-932E-A371691C6D94}"
EndProject
Project("{2150E333-8FDC-42A3-9474-1A3956D46DE8}") = "IntervalProblems", "IntervalProblems", "{6516A1EB-1E83-4CE3-B7E1-C59B42F9AF4B}"
EndProject
Project("{FAE04EC0-301F-11D3-BF4B-00C04F79EFBC}") = "src", "IntervalProblems\src\src.csproj", "{D75B450E-A2BC-4100-A7F8-EA0B12D415CF}"
EndProject
Project("{FAE04EC0-301F-11D3-BF4B-00C04F79EFBC}") = "IntervalProblemsTest", "IntervalProblems\IntervalProblemsTest\IntervalProblemsTest.csproj", "{B5585E04-FA59-4651-9991-2ADC7642A3C7}"
EndProject
Project("{2150E333-8FDC-42A3-9474-1A3956D46DE8}") = "BFS", "BFS", "{5B53D636-D925-4F14-8123-7C7F73EA9CA9}"
EndProject
Project("{FAE04EC0-301F-11D3-BF4B-00C04F79EFBC}") = "src", "BFS\src\src.csproj", "{60838A64-3B90-4E42-9AA7-065D22B6937E}"
EndProject
Project("{2150E333-8FDC-42A3-9474-1A3956D46DE8}") = "BST", "BST", "{AC5791FD-7D4C-47ED-A746-C12742C4E804}"
EndProject
Project("{FAE04EC0-301F-11D3-BF4B-00C04F79EFBC}") = "src", "BST\src\src.csproj", "{C84E5067-2ED5-4D0F-8E0D-B083DE1282CD}"
EndProject
Project("{FAE04EC0-301F-11D3-BF4B-00C04F79EFBC}") = "BSTTest", "BST\BSTTest\BSTTest.csproj", "{5928166D-055B-4F7D-9876-80BAEBA7AC1C}"
EndProject
Project("{FAE04EC0-301F-11D3-BF4B-00C04F79EFBC}") = "src", "Dijkstra\src\src.csproj", "{5DC69EFC-C3FA-4D56-ACA4-669F3DA19D46}"
EndProject
Project("{2150E333-8FDC-42A3-9474-1A3956D46DE8}") = "Dijkstra", "Dijkstra", "{B719B304-C616-45EF-9D3E-9AD237FC43A8}"
EndProject
Project("{2150E333-8FDC-42A3-9474-1A3956D46DE8}") = "LinkedListPatterns", "LinkedListPatterns", "{82B95284-BB88-491C-8235-9BBDBD3B1208}"
EndProject
Project("{FAE04EC0-301F-11D3-BF4B-00C04F79EFBC}") = "src", "ReverseLinkedList\src\src.csproj", "{A37FC3B0-594E-4C3A-9433-D9C7EEF23FD3}"
EndProject
Project("{FAE04EC0-301F-11D3-BF4B-00C04F79EFBC}") = "ReverseLinkedListTests", "ReverseLinkedList\ReverseLinkedListTests\ReverseLinkedListTests.csproj", "{02F31818-A4D3-4993-A7A2-33F5FB4FACFA}"
EndProject
Project("{FAE04EC0-301F-11D3-BF4B-00C04F79EFBC}") = "In-Place_Reversal_LinkedList", "In-Place_Reversal_LinkedList\In-Place_Reversal_LinkedList.csproj", "{0F188879-488D-4194-BA07-D2BA3B3F6A0C}"
EndProject
Project("{2150E333-8FDC-42A3-9474-1A3956D46DE8}") = "Subsets", "Subsets", "{B8BD61A3-901E-4E8A-BA6C-B711DB6152CA}"
EndProject
Project("{FAE04EC0-301F-11D3-BF4B-00C04F79EFBC}") = "src", "Subsets\src\src.csproj", "{632E6154-4562-4AAE-B48C-7B746F96F6B6}"
EndProject
Project("{FAE04EC0-301F-11D3-BF4B-00C04F79EFBC}") = "SubsetsTest", "Subsets\SubsetsTest\SubsetsTest.csproj", "{1DB41B61-D539-4FB2-A81D-07EEF4D90124}"
EndProject
Project("{2150E333-8FDC-42A3-9474-1A3956D46DE8}") = "Other", "Other", "{2FA68760-7134-4A6E-BF03-5D38BF7D2FFD}"
EndProject
Project("{FAE04EC0-301F-11D3-BF4B-00C04F79EFBC}") = "AnyLeetcode", "AnyLeetcode\AnyLeetcode.csproj", "{C8C06869-648F-47AB-B440-98E8DAE2E99D}"
EndProject
Project("{2150E333-8FDC-42A3-9474-1A3956D46DE8}") = "TwoPointers", "TwoPointers", "{B9DC068F-6FFE-4146-A1A8-5917D398C70C}"
EndProject
Project("{FAE04EC0-301F-11D3-BF4B-00C04F79EFBC}") = "src", "TwoPointers\src\src.csproj", "{0BAECC59-BC78-4732-B0A3-CFF8AE0097A5}"
EndProject
Global
	GlobalSection(SolutionConfigurationPlatforms) = preSolution
		Debug|Any CPU = Debug|Any CPU
		Release|Any CPU = Release|Any CPU
	EndGlobalSection
	GlobalSection(ProjectConfigurationPlatforms) = postSolution
		{49428721-5B2B-4A7B-83B8-13CCB024F3CE}.Debug|Any CPU.ActiveCfg = Debug|Any CPU
		{49428721-5B2B-4A7B-83B8-13CCB024F3CE}.Debug|Any CPU.Build.0 = Debug|Any CPU
		{49428721-5B2B-4A7B-83B8-13CCB024F3CE}.Release|Any CPU.ActiveCfg = Release|Any CPU
		{49428721-5B2B-4A7B-83B8-13CCB024F3CE}.Release|Any CPU.Build.0 = Release|Any CPU
		{43CDA55E-8335-4DCC-BF08-C930E6BCF1FE}.Debug|Any CPU.ActiveCfg = Debug|Any CPU
		{43CDA55E-8335-4DCC-BF08-C930E6BCF1FE}.Debug|Any CPU.Build.0 = Debug|Any CPU
		{43CDA55E-8335-4DCC-BF08-C930E6BCF1FE}.Release|Any CPU.ActiveCfg = Release|Any CPU
		{43CDA55E-8335-4DCC-BF08-C930E6BCF1FE}.Release|Any CPU.Build.0 = Release|Any CPU
		{C504076B-5B34-45FB-8080-DDB83B85A3E6}.Debug|Any CPU.ActiveCfg = Debug|Any CPU
		{C504076B-5B34-45FB-8080-DDB83B85A3E6}.Debug|Any CPU.Build.0 = Debug|Any CPU
		{C504076B-5B34-45FB-8080-DDB83B85A3E6}.Release|Any CPU.ActiveCfg = Release|Any CPU
		{C504076B-5B34-45FB-8080-DDB83B85A3E6}.Release|Any CPU.Build.0 = Release|Any CPU
		{F99032E9-57A2-48BF-9817-8D33C03B8525}.Debug|Any CPU.ActiveCfg = Debug|Any CPU
		{F99032E9-57A2-48BF-9817-8D33C03B8525}.Debug|Any CPU.Build.0 = Debug|Any CPU
		{F99032E9-57A2-48BF-9817-8D33C03B8525}.Release|Any CPU.ActiveCfg = Release|Any CPU
		{F99032E9-57A2-48BF-9817-8D33C03B8525}.Release|Any CPU.Build.0 = Release|Any CPU
		{A9EC9EE6-BDC5-4D18-9A98-5D73ADF59E42}.Debug|Any CPU.ActiveCfg = Debug|Any CPU
		{A9EC9EE6-BDC5-4D18-9A98-5D73ADF59E42}.Debug|Any CPU.Build.0 = Debug|Any CPU
		{A9EC9EE6-BDC5-4D18-9A98-5D73ADF59E42}.Release|Any CPU.ActiveCfg = Release|Any CPU
		{A9EC9EE6-BDC5-4D18-9A98-5D73ADF59E42}.Release|Any CPU.Build.0 = Release|Any CPU
		{C7AC211D-811D-466D-A5C1-5A4231B6E73A}.Debug|Any CPU.ActiveCfg = Debug|Any CPU
		{C7AC211D-811D-466D-A5C1-5A4231B6E73A}.Debug|Any CPU.Build.0 = Debug|Any CPU
		{C7AC211D-811D-466D-A5C1-5A4231B6E73A}.Release|Any CPU.ActiveCfg = Release|Any CPU
		{C7AC211D-811D-466D-A5C1-5A4231B6E73A}.Release|Any CPU.Build.0 = Release|Any CPU
		{17CC8292-5E8C-4B41-932E-A371691C6D94}.Debug|Any CPU.ActiveCfg = Debug|Any CPU
		{17CC8292-5E8C-4B41-932E-A371691C6D94}.Debug|Any CPU.Build.0 = Debug|Any CPU
		{17CC8292-5E8C-4B41-932E-A371691C6D94}.Release|Any CPU.ActiveCfg = Release|Any CPU
		{17CC8292-5E8C-4B41-932E-A371691C6D94}.Release|Any CPU.Build.0 = Release|Any CPU
		{D75B450E-A2BC-4100-A7F8-EA0B12D415CF}.Debug|Any CPU.ActiveCfg = Debug|Any CPU
		{D75B450E-A2BC-4100-A7F8-EA0B12D415CF}.Debug|Any CPU.Build.0 = Debug|Any CPU
		{D75B450E-A2BC-4100-A7F8-EA0B12D415CF}.Release|Any CPU.ActiveCfg = Release|Any CPU
		{D75B450E-A2BC-4100-A7F8-EA0B12D415CF}.Release|Any CPU.Build.0 = Release|Any CPU
		{B5585E04-FA59-4651-9991-2ADC7642A3C7}.Debug|Any CPU.ActiveCfg = Debug|Any CPU
		{B5585E04-FA59-4651-9991-2ADC7642A3C7}.Debug|Any CPU.Build.0 = Debug|Any CPU
		{B5585E04-FA59-4651-9991-2ADC7642A3C7}.Release|Any CPU.ActiveCfg = Release|Any CPU
		{B5585E04-FA59-4651-9991-2ADC7642A3C7}.Release|Any CPU.Build.0 = Release|Any CPU
		{60838A64-3B90-4E42-9AA7-065D22B6937E}.Debug|Any CPU.ActiveCfg = Debug|Any CPU
		{60838A64-3B90-4E42-9AA7-065D22B6937E}.Debug|Any CPU.Build.0 = Debug|Any CPU
		{60838A64-3B90-4E42-9AA7-065D22B6937E}.Release|Any CPU.ActiveCfg = Release|Any CPU
		{60838A64-3B90-4E42-9AA7-065D22B6937E}.Release|Any CPU.Build.0 = Release|Any CPU
		{C84E5067-2ED5-4D0F-8E0D-B083DE1282CD}.Debug|Any CPU.ActiveCfg = Debug|Any CPU
		{C84E5067-2ED5-4D0F-8E0D-B083DE1282CD}.Debug|Any CPU.Build.0 = Debug|Any CPU
		{C84E5067-2ED5-4D0F-8E0D-B083DE1282CD}.Release|Any CPU.ActiveCfg = Release|Any CPU
		{C84E5067-2ED5-4D0F-8E0D-B083DE1282CD}.Release|Any CPU.Build.0 = Release|Any CPU
		{5928166D-055B-4F7D-9876-80BAEBA7AC1C}.Debug|Any CPU.ActiveCfg = Debug|Any CPU
		{5928166D-055B-4F7D-9876-80BAEBA7AC1C}.Debug|Any CPU.Build.0 = Debug|Any CPU
		{5928166D-055B-4F7D-9876-80BAEBA7AC1C}.Release|Any CPU.ActiveCfg = Release|Any CPU
		{5928166D-055B-4F7D-9876-80BAEBA7AC1C}.Release|Any CPU.Build.0 = Release|Any CPU
		{5DC69EFC-C3FA-4D56-ACA4-669F3DA19D46}.Debug|Any CPU.ActiveCfg = Debug|Any CPU
		{5DC69EFC-C3FA-4D56-ACA4-669F3DA19D46}.Debug|Any CPU.Build.0 = Debug|Any CPU
		{5DC69EFC-C3FA-4D56-ACA4-669F3DA19D46}.Release|Any CPU.ActiveCfg = Release|Any CPU
		{5DC69EFC-C3FA-4D56-ACA4-669F3DA19D46}.Release|Any CPU.Build.0 = Release|Any CPU
		{A37FC3B0-594E-4C3A-9433-D9C7EEF23FD3}.Debug|Any CPU.ActiveCfg = Debug|Any CPU
		{A37FC3B0-594E-4C3A-9433-D9C7EEF23FD3}.Debug|Any CPU.Build.0 = Debug|Any CPU
		{A37FC3B0-594E-4C3A-9433-D9C7EEF23FD3}.Release|Any CPU.ActiveCfg = Release|Any CPU
		{A37FC3B0-594E-4C3A-9433-D9C7EEF23FD3}.Release|Any CPU.Build.0 = Release|Any CPU
		{02F31818-A4D3-4993-A7A2-33F5FB4FACFA}.Debug|Any CPU.ActiveCfg = Debug|Any CPU
		{02F31818-A4D3-4993-A7A2-33F5FB4FACFA}.Debug|Any CPU.Build.0 = Debug|Any CPU
		{02F31818-A4D3-4993-A7A2-33F5FB4FACFA}.Release|Any CPU.ActiveCfg = Release|Any CPU
		{02F31818-A4D3-4993-A7A2-33F5FB4FACFA}.Release|Any CPU.Build.0 = Release|Any CPU
		{0F188879-488D-4194-BA07-D2BA3B3F6A0C}.Debug|Any CPU.ActiveCfg = Debug|Any CPU
		{0F188879-488D-4194-BA07-D2BA3B3F6A0C}.Debug|Any CPU.Build.0 = Debug|Any CPU
		{0F188879-488D-4194-BA07-D2BA3B3F6A0C}.Release|Any CPU.ActiveCfg = Release|Any CPU
		{0F188879-488D-4194-BA07-D2BA3B3F6A0C}.Release|Any CPU.Build.0 = Release|Any CPU
		{632E6154-4562-4AAE-B48C-7B746F96F6B6}.Debug|Any CPU.ActiveCfg = Debug|Any CPU
		{632E6154-4562-4AAE-B48C-7B746F96F6B6}.Debug|Any CPU.Build.0 = Debug|Any CPU
		{632E6154-4562-4AAE-B48C-7B746F96F6B6}.Release|Any CPU.ActiveCfg = Release|Any CPU
		{632E6154-4562-4AAE-B48C-7B746F96F6B6}.Release|Any CPU.Build.0 = Release|Any CPU
		{1DB41B61-D539-4FB2-A81D-07EEF4D90124}.Debug|Any CPU.ActiveCfg = Debug|Any CPU
		{1DB41B61-D539-4FB2-A81D-07EEF4D90124}.Debug|Any CPU.Build.0 = Debug|Any CPU
		{1DB41B61-D539-4FB2-A81D-07EEF4D90124}.Release|Any CPU.ActiveCfg = Release|Any CPU
		{1DB41B61-D539-4FB2-A81D-07EEF4D90124}.Release|Any CPU.Build.0 = Release|Any CPU
		{C8C06869-648F-47AB-B440-98E8DAE2E99D}.Debug|Any CPU.ActiveCfg = Debug|Any CPU
		{C8C06869-648F-47AB-B440-98E8DAE2E99D}.Debug|Any CPU.Build.0 = Debug|Any CPU
		{C8C06869-648F-47AB-B440-98E8DAE2E99D}.Release|Any CPU.ActiveCfg = Release|Any CPU
		{C8C06869-648F-47AB-B440-98E8DAE2E99D}.Release|Any CPU.Build.0 = Release|Any CPU
		{0BAECC59-BC78-4732-B0A3-CFF8AE0097A5}.Debug|Any CPU.ActiveCfg = Debug|Any CPU
		{0BAECC59-BC78-4732-B0A3-CFF8AE0097A5}.Debug|Any CPU.Build.0 = Debug|Any CPU
		{0BAECC59-BC78-4732-B0A3-CFF8AE0097A5}.Release|Any CPU.ActiveCfg = Release|Any CPU
		{0BAECC59-BC78-4732-B0A3-CFF8AE0097A5}.Release|Any CPU.Build.0 = Release|Any CPU
	EndGlobalSection
	GlobalSection(SolutionProperties) = preSolution
		HideSolutionNode = FALSE
	EndGlobalSection
	GlobalSection(NestedProjects) = preSolution
		{49428721-5B2B-4A7B-83B8-13CCB024F3CE} = {5ABD34AF-DDCF-4FB7-AB73-980C90637C99}
		{43CDA55E-8335-4DCC-BF08-C930E6BCF1FE} = {5ABD34AF-DDCF-4FB7-AB73-980C90637C99}
		{C504076B-5B34-45FB-8080-DDB83B85A3E6} = {17443B09-9D7C-4612-9902-DAF51FCA2F1E}
		{A9EC9EE6-BDC5-4D18-9A98-5D73ADF59E42} = {17443B09-9D7C-4612-9902-DAF51FCA2F1E}
		{C7AC211D-811D-466D-A5C1-5A4231B6E73A} = {28F1C688-141C-4A81-8804-2011A2347393}
		{17CC8292-5E8C-4B41-932E-A371691C6D94} = {28F1C688-141C-4A81-8804-2011A2347393}
		{D75B450E-A2BC-4100-A7F8-EA0B12D415CF} = {6516A1EB-1E83-4CE3-B7E1-C59B42F9AF4B}
		{B5585E04-FA59-4651-9991-2ADC7642A3C7} = {6516A1EB-1E83-4CE3-B7E1-C59B42F9AF4B}
		{60838A64-3B90-4E42-9AA7-065D22B6937E} = {5B53D636-D925-4F14-8123-7C7F73EA9CA9}
		{C84E5067-2ED5-4D0F-8E0D-B083DE1282CD} = {AC5791FD-7D4C-47ED-A746-C12742C4E804}
		{5928166D-055B-4F7D-9876-80BAEBA7AC1C} = {AC5791FD-7D4C-47ED-A746-C12742C4E804}
		{5DC69EFC-C3FA-4D56-ACA4-669F3DA19D46} = {B719B304-C616-45EF-9D3E-9AD237FC43A8}
		{A37FC3B0-594E-4C3A-9433-D9C7EEF23FD3} = {82B95284-BB88-491C-8235-9BBDBD3B1208}
		{02F31818-A4D3-4993-A7A2-33F5FB4FACFA} = {82B95284-BB88-491C-8235-9BBDBD3B1208}
		{0F188879-488D-4194-BA07-D2BA3B3F6A0C} = {82B95284-BB88-491C-8235-9BBDBD3B1208}
		{632E6154-4562-4AAE-B48C-7B746F96F6B6} = {B8BD61A3-901E-4E8A-BA6C-B711DB6152CA}
		{1DB41B61-D539-4FB2-A81D-07EEF4D90124} = {B8BD61A3-901E-4E8A-BA6C-B711DB6152CA}
		{C8C06869-648F-47AB-B440-98E8DAE2E99D} = {2FA68760-7134-4A6E-BF03-5D38BF7D2FFD}
	EndGlobalSection
	GlobalSection(ExtensibilityGlobals) = postSolution
		SolutionGuid = {F5A92075-92BF-4322-94B9-C2AF25C4CA90}
	EndGlobalSection
EndGlobal
